
Microsoft Visual Studio Solution File, Format Version 12.00
# Visual Studio 14
VisualStudioVersion = 14.0.24720.0
MinimumVisualStudioVersion = 10.0.40219.1
Project("{FAE04EC0-301F-11D3-BF4B-00C04F79EFBC}") = "Tehtava1", "Tehtava1\Tehtava1.csproj", "{BBFDB3F8-2232-4C51-A154-1DFFF2E75FE7}"
EndProject
Project("{FAE04EC0-301F-11D3-BF4B-00C04F79EFBC}") = "Harjoitus1MediaPlayer", "Harjoitus1MediaPlayer\Harjoitus1MediaPlayer.csproj", "{5724A49A-B17C-4802-A3EB-7EF4CBBF79F0}"
EndProject
Project("{FAE04EC0-301F-11D3-BF4B-00C04F79EFBC}") = "H3Mittausdata", "H3Mittausdata\H3Mittausdata.csproj", "{41020E4D-D88A-450A-A296-E63DE5AB3B80}"
EndProject
Project("{FAE04EC0-301F-11D3-BF4B-00C04F79EFBC}") = "Tehtava4", "Tehtava4\Tehtava4.csproj", "{DEF8A45E-F2C6-419C-BF2B-8ABF270AC78D}"
EndProject
Project("{FAE04EC0-301F-11D3-BF4B-00C04F79EFBC}") = "H4KonsoliXML", "H4KonsoliXML\H4KonsoliXML.csproj", "{E0A56186-4D1D-45C2-8A9E-79080F423529}"
EndProject
Project("{FAE04EC0-301F-11D3-BF4B-00C04F79EFBC}") = "H4WPFXML", "H4WPFXML\H4WPFXML.csproj", "{704D53C4-5BC0-4FB7-BC95-70481B260FAB}"
EndProject
Project("{FAE04EC0-301F-11D3-BF4B-00C04F79EFBC}") = "H5Movies.xml", "H5Movies.xml\H5Movies.xml.csproj", "{E6F815E2-6D05-471C-951F-72F8CCC1E7BE}"
EndProject
Project("{FAE04EC0-301F-11D3-BF4B-00C04F79EFBC}") = "H6Databinding", "H6Databinding\H6Databinding.csproj", "{E9D02EAE-7748-4461-827A-900E278E0574}"
EndProject
Project("{FAE04EC0-301F-11D3-BF4B-00C04F79EFBC}") = "H7ADOConsoleDemo", "H7ADOConsoleDemo\H7ADOConsoleDemo.csproj", "{C6CDB94A-8273-4F38-A73C-17B3F873AA57}"
EndProject
Project("{FAE04EC0-301F-11D3-BF4B-00C04F79EFBC}") = "H08ADODataTable", "H08ADODataTable\H08ADODataTable.csproj", "{BBFF693C-311A-4443-92BB-8E32CEA75E76}"
EndProject
Global
	GlobalSection(SolutionConfigurationPlatforms) = preSolution
		Debug|Any CPU = Debug|Any CPU
		Release|Any CPU = Release|Any CPU
	EndGlobalSection
	GlobalSection(ProjectConfigurationPlatforms) = postSolution
		{BBFDB3F8-2232-4C51-A154-1DFFF2E75FE7}.Debug|Any CPU.ActiveCfg = Debug|Any CPU
		{BBFDB3F8-2232-4C51-A154-1DFFF2E75FE7}.Debug|Any CPU.Build.0 = Debug|Any CPU
		{BBFDB3F8-2232-4C51-A154-1DFFF2E75FE7}.Release|Any CPU.ActiveCfg = Release|Any CPU
		{BBFDB3F8-2232-4C51-A154-1DFFF2E75FE7}.Release|Any CPU.Build.0 = Release|Any CPU
		{5724A49A-B17C-4802-A3EB-7EF4CBBF79F0}.Debug|Any CPU.ActiveCfg = Debug|Any CPU
		{5724A49A-B17C-4802-A3EB-7EF4CBBF79F0}.Debug|Any CPU.Build.0 = Debug|Any CPU
		{5724A49A-B17C-4802-A3EB-7EF4CBBF79F0}.Release|Any CPU.ActiveCfg = Release|Any CPU
		{5724A49A-B17C-4802-A3EB-7EF4CBBF79F0}.Release|Any CPU.Build.0 = Release|Any CPU
		{41020E4D-D88A-450A-A296-E63DE5AB3B80}.Debug|Any CPU.ActiveCfg = Debug|Any CPU
		{41020E4D-D88A-450A-A296-E63DE5AB3B80}.Debug|Any CPU.Build.0 = Debug|Any CPU
		{41020E4D-D88A-450A-A296-E63DE5AB3B80}.Release|Any CPU.ActiveCfg = Release|Any CPU
		{41020E4D-D88A-450A-A296-E63DE5AB3B80}.Release|Any CPU.Build.0 = Release|Any CPU
		{DEF8A45E-F2C6-419C-BF2B-8ABF270AC78D}.Debug|Any CPU.ActiveCfg = Debug|Any CPU
		{DEF8A45E-F2C6-419C-BF2B-8ABF270AC78D}.Debug|Any CPU.Build.0 = Debug|Any CPU
		{DEF8A45E-F2C6-419C-BF2B-8ABF270AC78D}.Release|Any CPU.ActiveCfg = Release|Any CPU
		{DEF8A45E-F2C6-419C-BF2B-8ABF270AC78D}.Release|Any CPU.Build.0 = Release|Any CPU
		{E0A56186-4D1D-45C2-8A9E-79080F423529}.Debug|Any CPU.ActiveCfg = Debug|Any CPU
		{E0A56186-4D1D-45C2-8A9E-79080F423529}.Debug|Any CPU.Build.0 = Debug|Any CPU
		{E0A56186-4D1D-45C2-8A9E-79080F423529}.Release|Any CPU.ActiveCfg = Release|Any CPU
		{E0A56186-4D1D-45C2-8A9E-79080F423529}.Release|Any CPU.Build.0 = Release|Any CPU
		{704D53C4-5BC0-4FB7-BC95-70481B260FAB}.Debug|Any CPU.ActiveCfg = Debug|Any CPU
		{704D53C4-5BC0-4FB7-BC95-70481B260FAB}.Debug|Any CPU.Build.0 = Debug|Any CPU
		{704D53C4-5BC0-4FB7-BC95-70481B260FAB}.Release|Any CPU.ActiveCfg = Release|Any CPU
		{704D53C4-5BC0-4FB7-BC95-70481B260FAB}.Release|Any CPU.Build.0 = Release|Any CPU
		{E6F815E2-6D05-471C-951F-72F8CCC1E7BE}.Debug|Any CPU.ActiveCfg = Debug|Any CPU
		{E6F815E2-6D05-471C-951F-72F8CCC1E7BE}.Debug|Any CPU.Build.0 = Debug|Any CPU
		{E6F815E2-6D05-471C-951F-72F8CCC1E7BE}.Release|Any CPU.ActiveCfg = Release|Any CPU
		{E6F815E2-6D05-471C-951F-72F8CCC1E7BE}.Release|Any CPU.Build.0 = Release|Any CPU
		{E9D02EAE-7748-4461-827A-900E278E0574}.Debug|Any CPU.ActiveCfg = Debug|Any CPU
		{E9D02EAE-7748-4461-827A-900E278E0574}.Debug|Any CPU.Build.0 = Debug|Any CPU
		{E9D02EAE-7748-4461-827A-900E278E0574}.Release|Any CPU.ActiveCfg = Release|Any CPU
		{E9D02EAE-7748-4461-827A-900E278E0574}.Release|Any CPU.Build.0 = Release|Any CPU
		{C6CDB94A-8273-4F38-A73C-17B3F873AA57}.Debug|Any CPU.ActiveCfg = Debug|Any CPU
		{C6CDB94A-8273-4F38-A73C-17B3F873AA57}.Debug|Any CPU.Build.0 = Debug|Any CPU
		{C6CDB94A-8273-4F38-A73C-17B3F873AA57}.Release|Any CPU.ActiveCfg = Release|Any CPU
		{C6CDB94A-8273-4F38-A73C-17B3F873AA57}.Release|Any CPU.Build.0 = Release|Any CPU
		{BBFF693C-311A-4443-92BB-8E32CEA75E76}.Debug|Any CPU.ActiveCfg = Debug|Any CPU
		{BBFF693C-311A-4443-92BB-8E32CEA75E76}.Debug|Any CPU.Build.0 = Debug|Any CPU
		{BBFF693C-311A-4443-92BB-8E32CEA75E76}.Release|Any CPU.ActiveCfg = Release|Any CPU
		{BBFF693C-311A-4443-92BB-8E32CEA75E76}.Release|Any CPU.Build.0 = Release|Any CPU
	EndGlobalSection
	GlobalSection(SolutionProperties) = preSolution
		HideSolutionNode = FALSE
	EndGlobalSection
EndGlobal
