
Microsoft Visual Studio Solution File, Format Version 12.00
# Visual Studio 14
VisualStudioVersion = 14.0.24720.0
MinimumVisualStudioVersion = 10.0.40219.1
Project("{FAE04EC0-301F-11D3-BF4B-00C04F79EFBC}") = "Tehtava1", "Tehtava1\Tehtava1.csproj", "{BBFDB3F8-2232-4C51-A154-1DFFF2E75FE7}"
EndProject
Project("{FAE04EC0-301F-11D3-BF4B-00C04F79EFBC}") = "Harjoitus1MediaPlayer", "Harjoitus1MediaPlayer\Harjoitus1MediaPlayer.csproj", "{5724A49A-B17C-4802-A3EB-7EF4CBBF79F0}"
EndProject
Project("{FAE04EC0-301F-11D3-BF4B-00C04F79EFBC}") = "H3Mittausdata", "H3Mittausdata\H3Mittausdata.csproj", "{41020E4D-D88A-450A-A296-E63DE5AB3B80}"
EndProject
Project("{FAE04EC0-301F-11D3-BF4B-00C04F79EFBC}") = "Tehtava4", "Tehtava4\Tehtava4.csproj", "{DEF8A45E-F2C6-419C-BF2B-8ABF270AC78D}"
EndProject
Project("{FAE04EC0-301F-11D3-BF4B-00C04F79EFBC}") = "H4KonsoliXML", "H4KonsoliXML\H4KonsoliXML.csproj", "{E0A56186-4D1D-45C2-8A9E-79080F423529}"
EndProject
Project("{FAE04EC0-301F-11D3-BF4B-00C04F79EFBC}") = "H4WPFXML", "H4WPFXML\H4WPFXML.csproj", "{704D53C4-5BC0-4FB7-BC95-70481B260FAB}"
EndProject
Global
	GlobalSection(SolutionConfigurationPlatforms) = preSolution
		Debug|Any CPU = Debug|Any CPU
		Release|Any CPU = Release|Any CPU
	EndGlobalSection
	GlobalSection(ProjectConfigurationPlatforms) = postSolution
		{BBFDB3F8-2232-4C51-A154-1DFFF2E75FE7}.Debug|Any CPU.ActiveCfg = Debug|Any CPU
		{BBFDB3F8-2232-4C51-A154-1DFFF2E75FE7}.Debug|Any CPU.Build.0 = Debug|Any CPU
		{BBFDB3F8-2232-4C51-A154-1DFFF2E75FE7}.Release|Any CPU.ActiveCfg = Release|Any CPU
		{BBFDB3F8-2232-4C51-A154-1DFFF2E75FE7}.Release|Any CPU.Build.0 = Release|Any CPU
		{5724A49A-B17C-4802-A3EB-7EF4CBBF79F0}.Debug|Any CPU.ActiveCfg = Debug|Any CPU
		{5724A49A-B17C-4802-A3EB-7EF4CBBF79F0}.Debug|Any CPU.Build.0 = Debug|Any CPU
		{5724A49A-B17C-4802-A3EB-7EF4CBBF79F0}.Release|Any CPU.ActiveCfg = Release|Any CPU
		{5724A49A-B17C-4802-A3EB-7EF4CBBF79F0}.Release|Any CPU.Build.0 = Release|Any CPU
		{41020E4D-D88A-450A-A296-E63DE5AB3B80}.Debug|Any CPU.ActiveCfg = Debug|Any CPU
		{41020E4D-D88A-450A-A296-E63DE5AB3B80}.Debug|Any CPU.Build.0 = Debug|Any CPU
		{41020E4D-D88A-450A-A296-E63DE5AB3B80}.Release|Any CPU.ActiveCfg = Release|Any CPU
		{41020E4D-D88A-450A-A296-E63DE5AB3B80}.Release|Any CPU.Build.0 = Release|Any CPU
		{DEF8A45E-F2C6-419C-BF2B-8ABF270AC78D}.Debug|Any CPU.ActiveCfg = Debug|Any CPU
		{DEF8A45E-F2C6-419C-BF2B-8ABF270AC78D}.Debug|Any CPU.Build.0 = Debug|Any CPU
		{DEF8A45E-F2C6-419C-BF2B-8ABF270AC78D}.Release|Any CPU.ActiveCfg = Release|Any CPU
		{DEF8A45E-F2C6-419C-BF2B-8ABF270AC78D}.Release|Any CPU.Build.0 = Release|Any CPU
		{E0A56186-4D1D-45C2-8A9E-79080F423529}.Debug|Any CPU.ActiveCfg = Debug|Any CPU
		{E0A56186-4D1D-45C2-8A9E-79080F423529}.Debug|Any CPU.Build.0 = Debug|Any CPU
		{E0A56186-4D1D-45C2-8A9E-79080F423529}.Release|Any CPU.ActiveCfg = Release|Any CPU
		{E0A56186-4D1D-45C2-8A9E-79080F423529}.Release|Any CPU.Build.0 = Release|Any CPU
		{704D53C4-5BC0-4FB7-BC95-70481B260FAB}.Debug|Any CPU.ActiveCfg = Debug|Any CPU
		{704D53C4-5BC0-4FB7-BC95-70481B260FAB}.Debug|Any CPU.Build.0 = Debug|Any CPU
		{704D53C4-5BC0-4FB7-BC95-70481B260FAB}.Release|Any CPU.ActiveCfg = Release|Any CPU
		{704D53C4-5BC0-4FB7-BC95-70481B260FAB}.Release|Any CPU.Build.0 = Release|Any CPU
	EndGlobalSection
	GlobalSection(SolutionProperties) = preSolution
		HideSolutionNode = FALSE
	EndGlobalSection
EndGlobal
